// !$*UTF8*$!
{
	archiveVersion = 1;
	classes = {
	};
	objectVersion = 55;
	objects = {

/* Begin PBXBuildFile section */
		C2367DE92881A8C300A73FE2 /* TabBarViewController.swift in Sources */ = {isa = PBXBuildFile; fileRef = C2367DE82881A8C300A73FE2 /* TabBarViewController.swift */; };
		C2367DEB2881A8EF00A73FE2 /* SearchViewController.swift in Sources */ = {isa = PBXBuildFile; fileRef = C2367DEA2881A8EF00A73FE2 /* SearchViewController.swift */; };
		C2367DED2881A90300A73FE2 /* LibraryViewController.swift in Sources */ = {isa = PBXBuildFile; fileRef = C2367DEC2881A90300A73FE2 /* LibraryViewController.swift */; };
		C2367DF12881A93800A73FE2 /* AuthViewController.swift in Sources */ = {isa = PBXBuildFile; fileRef = C2367DF02881A93800A73FE2 /* AuthViewController.swift */; };
		C2367DF32881A94600A73FE2 /* WelcomeViewController.swift in Sources */ = {isa = PBXBuildFile; fileRef = C2367DF22881A94600A73FE2 /* WelcomeViewController.swift */; };
		C2367DF52881A95000A73FE2 /* SettingsViewController.swift in Sources */ = {isa = PBXBuildFile; fileRef = C2367DF42881A95000A73FE2 /* SettingsViewController.swift */; };
		C2367DF72881A95B00A73FE2 /* ProfileViewController.swift in Sources */ = {isa = PBXBuildFile; fileRef = C2367DF62881A95B00A73FE2 /* ProfileViewController.swift */; };
		C2367DF92881A96C00A73FE2 /* PlayerViewController.swift in Sources */ = {isa = PBXBuildFile; fileRef = C2367DF82881A96C00A73FE2 /* PlayerViewController.swift */; };
		C2367DFB2881A97E00A73FE2 /* PlaylistViewController.swift in Sources */ = {isa = PBXBuildFile; fileRef = C2367DFA2881A97E00A73FE2 /* PlaylistViewController.swift */; };
		C2367DFD2881A99500A73FE2 /* SearchResultViewController.swift in Sources */ = {isa = PBXBuildFile; fileRef = C2367DFC2881A99500A73FE2 /* SearchResultViewController.swift */; };
		C2367DFF2881A9F600A73FE2 /* AuthManager.swift in Sources */ = {isa = PBXBuildFile; fileRef = C2367DFE2881A9F600A73FE2 /* AuthManager.swift */; };
		C2367E012881AA0200A73FE2 /* APICaller.swift in Sources */ = {isa = PBXBuildFile; fileRef = C2367E002881AA0200A73FE2 /* APICaller.swift */; };
		C2367E032881AA2300A73FE2 /* HapticsManager.swift in Sources */ = {isa = PBXBuildFile; fileRef = C2367E022881AA2300A73FE2 /* HapticsManager.swift */; };
		C2367E052881AA5A00A73FE2 /* Playist.swift in Sources */ = {isa = PBXBuildFile; fileRef = C2367E042881AA5A00A73FE2 /* Playist.swift */; };
		C2367E072881AA5F00A73FE2 /* Artist.swift in Sources */ = {isa = PBXBuildFile; fileRef = C2367E062881AA5F00A73FE2 /* Artist.swift */; };
		C2367E092881AA6B00A73FE2 /* AudioTrack.swift in Sources */ = {isa = PBXBuildFile; fileRef = C2367E082881AA6B00A73FE2 /* AudioTrack.swift */; };
		C2367E0B2881AA7500A73FE2 /* UserProfile.swift in Sources */ = {isa = PBXBuildFile; fileRef = C2367E0A2881AA7500A73FE2 /* UserProfile.swift */; };
		C24A991528819D9200DF233A /* AppDelegate.swift in Sources */ = {isa = PBXBuildFile; fileRef = C24A991428819D9200DF233A /* AppDelegate.swift */; };
		C24A991728819D9200DF233A /* SceneDelegate.swift in Sources */ = {isa = PBXBuildFile; fileRef = C24A991628819D9200DF233A /* SceneDelegate.swift */; };
		C24A991928819D9200DF233A /* HomeViewController.swift in Sources */ = {isa = PBXBuildFile; fileRef = C24A991828819D9200DF233A /* HomeViewController.swift */; };
		C24A991E28819D9200DF233A /* Assets.xcassets in Resources */ = {isa = PBXBuildFile; fileRef = C24A991D28819D9200DF233A /* Assets.xcassets */; };
		C24A992128819D9200DF233A /* LaunchScreen.storyboard in Resources */ = {isa = PBXBuildFile; fileRef = C24A991F28819D9200DF233A /* LaunchScreen.storyboard */; };
/* End PBXBuildFile section */

/* Begin PBXFileReference section */
		C2367DE82881A8C300A73FE2 /* TabBarViewController.swift */ = {isa = PBXFileReference; lastKnownFileType = sourcecode.swift; path = TabBarViewController.swift; sourceTree = "<group>"; };
		C2367DEA2881A8EF00A73FE2 /* SearchViewController.swift */ = {isa = PBXFileReference; lastKnownFileType = sourcecode.swift; path = SearchViewController.swift; sourceTree = "<group>"; };
		C2367DEC2881A90300A73FE2 /* LibraryViewController.swift */ = {isa = PBXFileReference; lastKnownFileType = sourcecode.swift; path = LibraryViewController.swift; sourceTree = "<group>"; };
		C2367DF02881A93800A73FE2 /* AuthViewController.swift */ = {isa = PBXFileReference; lastKnownFileType = sourcecode.swift; path = AuthViewController.swift; sourceTree = "<group>"; };
		C2367DF22881A94600A73FE2 /* WelcomeViewController.swift */ = {isa = PBXFileReference; lastKnownFileType = sourcecode.swift; path = WelcomeViewController.swift; sourceTree = "<group>"; };
		C2367DF42881A95000A73FE2 /* SettingsViewController.swift */ = {isa = PBXFileReference; lastKnownFileType = sourcecode.swift; path = SettingsViewController.swift; sourceTree = "<group>"; };
		C2367DF62881A95B00A73FE2 /* ProfileViewController.swift */ = {isa = PBXFileReference; lastKnownFileType = sourcecode.swift; path = ProfileViewController.swift; sourceTree = "<group>"; };
		C2367DF82881A96C00A73FE2 /* PlayerViewController.swift */ = {isa = PBXFileReference; lastKnownFileType = sourcecode.swift; path = PlayerViewController.swift; sourceTree = "<group>"; };
		C2367DFA2881A97E00A73FE2 /* PlaylistViewController.swift */ = {isa = PBXFileReference; lastKnownFileType = sourcecode.swift; path = PlaylistViewController.swift; sourceTree = "<group>"; };
		C2367DFC2881A99500A73FE2 /* SearchResultViewController.swift */ = {isa = PBXFileReference; lastKnownFileType = sourcecode.swift; path = SearchResultViewController.swift; sourceTree = "<group>"; };
		C2367DFE2881A9F600A73FE2 /* AuthManager.swift */ = {isa = PBXFileReference; lastKnownFileType = sourcecode.swift; path = AuthManager.swift; sourceTree = "<group>"; };
		C2367E002881AA0200A73FE2 /* APICaller.swift */ = {isa = PBXFileReference; lastKnownFileType = sourcecode.swift; path = APICaller.swift; sourceTree = "<group>"; };
		C2367E022881AA2300A73FE2 /* HapticsManager.swift */ = {isa = PBXFileReference; lastKnownFileType = sourcecode.swift; path = HapticsManager.swift; sourceTree = "<group>"; };
		C2367E042881AA5A00A73FE2 /* Playist.swift */ = {isa = PBXFileReference; lastKnownFileType = sourcecode.swift; path = Playist.swift; sourceTree = "<group>"; };
		C2367E062881AA5F00A73FE2 /* Artist.swift */ = {isa = PBXFileReference; lastKnownFileType = sourcecode.swift; path = Artist.swift; sourceTree = "<group>"; };
		C2367E082881AA6B00A73FE2 /* AudioTrack.swift */ = {isa = PBXFileReference; lastKnownFileType = sourcecode.swift; path = AudioTrack.swift; sourceTree = "<group>"; };
		C2367E0A2881AA7500A73FE2 /* UserProfile.swift */ = {isa = PBXFileReference; lastKnownFileType = sourcecode.swift; path = UserProfile.swift; sourceTree = "<group>"; };
		C24A991128819D9200DF233A /* Spotify.app */ = {isa = PBXFileReference; explicitFileType = wrapper.application; includeInIndex = 0; path = Spotify.app; sourceTree = BUILT_PRODUCTS_DIR; };
		C24A991428819D9200DF233A /* AppDelegate.swift */ = {isa = PBXFileReference; lastKnownFileType = sourcecode.swift; path = AppDelegate.swift; sourceTree = "<group>"; };
		C24A991628819D9200DF233A /* SceneDelegate.swift */ = {isa = PBXFileReference; lastKnownFileType = sourcecode.swift; path = SceneDelegate.swift; sourceTree = "<group>"; };
		C24A991828819D9200DF233A /* HomeViewController.swift */ = {isa = PBXFileReference; lastKnownFileType = sourcecode.swift; path = HomeViewController.swift; sourceTree = "<group>"; };
		C24A991D28819D9200DF233A /* Assets.xcassets */ = {isa = PBXFileReference; lastKnownFileType = folder.assetcatalog; path = Assets.xcassets; sourceTree = "<group>"; };
		C24A992028819D9200DF233A /* Base */ = {isa = PBXFileReference; lastKnownFileType = file.storyboard; name = Base; path = Base.lproj/LaunchScreen.storyboard; sourceTree = "<group>"; };
		C24A992228819D9200DF233A /* Info.plist */ = {isa = PBXFileReference; lastKnownFileType = text.plist.xml; path = Info.plist; sourceTree = "<group>"; };
/* End PBXFileReference section */

/* Begin PBXFrameworksBuildPhase section */
		C24A990E28819D9200DF233A /* Frameworks */ = {
			isa = PBXFrameworksBuildPhase;
			buildActionMask = 2147483647;
			files = (
			);
			runOnlyForDeploymentPostprocessing = 0;
		};
/* End PBXFrameworksBuildPhase section */

/* Begin PBXGroup section */
		C2367DE22881A15600A73FE2 /* Resources */ = {
			isa = PBXGroup;
			children = (
				C24A991428819D9200DF233A /* AppDelegate.swift */,
				C24A991628819D9200DF233A /* SceneDelegate.swift */,
				C24A991D28819D9200DF233A /* Assets.xcassets */,
			);
			path = Resources;
			sourceTree = "<group>";
		};
		C2367DE32881A15D00A73FE2 /* Managers */ = {
			isa = PBXGroup;
			children = (
				C2367DFE2881A9F600A73FE2 /* AuthManager.swift */,
				C2367E002881AA0200A73FE2 /* APICaller.swift */,
				C2367E022881AA2300A73FE2 /* HapticsManager.swift */,
			);
			path = Managers;
			sourceTree = "<group>";
		};
		C2367DE42881A16600A73FE2 /* Models */ = {
			isa = PBXGroup;
			children = (
				C2367E042881AA5A00A73FE2 /* Playist.swift */,
				C2367E062881AA5F00A73FE2 /* Artist.swift */,
				C2367E082881AA6B00A73FE2 /* AudioTrack.swift */,
				C2367E0A2881AA7500A73FE2 /* UserProfile.swift */,
			);
			path = Models;
			sourceTree = "<group>";
		};
		C2367DE52881A17000A73FE2 /* Views */ = {
			isa = PBXGroup;
			children = (
				C24A991F28819D9200DF233A /* LaunchScreen.storyboard */,
			);
			path = Views;
			sourceTree = "<group>";
		};
		C2367DE62881A17400A73FE2 /* ViewModels */ = {
			isa = PBXGroup;
			children = (
			);
			path = ViewModels;
			sourceTree = "<group>";
		};
		C2367DE72881A17900A73FE2 /* Controllers */ = {
			isa = PBXGroup;
			children = (
				C2367DEF2881A91E00A73FE2 /* Other */,
				C2367DEE2881A91900A73FE2 /* Core */,
			);
			path = Controllers;
			sourceTree = "<group>";
		};
		C2367DEE2881A91900A73FE2 /* Core */ = {
			isa = PBXGroup;
			children = (
				C2367DE82881A8C300A73FE2 /* TabBarViewController.swift */,
				C24A991828819D9200DF233A /* HomeViewController.swift */,
				C2367DEA2881A8EF00A73FE2 /* SearchViewController.swift */,
				C2367DEC2881A90300A73FE2 /* LibraryViewController.swift */,
			);
			path = Core;
			sourceTree = "<group>";
		};
		C2367DEF2881A91E00A73FE2 /* Other */ = {
			isa = PBXGroup;
			children = (
				C2367DF02881A93800A73FE2 /* AuthViewController.swift */,
				C2367DF22881A94600A73FE2 /* WelcomeViewController.swift */,
				C2367DF42881A95000A73FE2 /* SettingsViewController.swift */,
				C2367DF62881A95B00A73FE2 /* ProfileViewController.swift */,
				C2367DF82881A96C00A73FE2 /* PlayerViewController.swift */,
				C2367DFA2881A97E00A73FE2 /* PlaylistViewController.swift */,
				C2367DFC2881A99500A73FE2 /* SearchResultViewController.swift */,
			);
			path = Other;
			sourceTree = "<group>";
		};
		C24A990828819D9200DF233A = {
			isa = PBXGroup;
			children = (
				C24A991328819D9200DF233A /* Spotify */,
				C24A991228819D9200DF233A /* Products */,
			);
			sourceTree = "<group>";
		};
		C24A991228819D9200DF233A /* Products */ = {
			isa = PBXGroup;
			children = (
				C24A991128819D9200DF233A /* Spotify.app */,
			);
			name = Products;
			sourceTree = "<group>";
		};
		C24A991328819D9200DF233A /* Spotify */ = {
			isa = PBXGroup;
			children = (
				C2367DE22881A15600A73FE2 /* Resources */,
				C2367DE32881A15D00A73FE2 /* Managers */,
				C2367DE72881A17900A73FE2 /* Controllers */,
				C2367DE62881A17400A73FE2 /* ViewModels */,
				C2367DE52881A17000A73FE2 /* Views */,
				C2367DE42881A16600A73FE2 /* Models */,
				C24A992228819D9200DF233A /* Info.plist */,
			);
			path = Spotify;
			sourceTree = "<group>";
		};
/* End PBXGroup section */

/* Begin PBXNativeTarget section */
		C24A991028819D9200DF233A /* Spotify */ = {
			isa = PBXNativeTarget;
			buildConfigurationList = C24A992528819D9200DF233A /* Build configuration list for PBXNativeTarget "Spotify" */;
			buildPhases = (
				C24A990D28819D9200DF233A /* Sources */,
				C24A990E28819D9200DF233A /* Frameworks */,
				C24A990F28819D9200DF233A /* Resources */,
			);
			buildRules = (
			);
			dependencies = (
			);
			name = Spotify;
			productName = Spotify;
			productReference = C24A991128819D9200DF233A /* Spotify.app */;
			productType = "com.apple.product-type.application";
		};
/* End PBXNativeTarget section */

/* Begin PBXProject section */
		C24A990928819D9200DF233A /* Project object */ = {
			isa = PBXProject;
			attributes = {
				BuildIndependentTargetsInParallel = 1;
				LastSwiftUpdateCheck = 1300;
				LastUpgradeCheck = 1300;
				TargetAttributes = {
					C24A991028819D9200DF233A = {
						CreatedOnToolsVersion = 13.0;
					};
				};
			};
			buildConfigurationList = C24A990C28819D9200DF233A /* Build configuration list for PBXProject "Spotify" */;
			compatibilityVersion = "Xcode 13.0";
			developmentRegion = en;
			hasScannedForEncodings = 0;
			knownRegions = (
				en,
				Base,
			);
			mainGroup = C24A990828819D9200DF233A;
			productRefGroup = C24A991228819D9200DF233A /* Products */;
			projectDirPath = "";
			projectRoot = "";
			targets = (
				C24A991028819D9200DF233A /* Spotify */,
			);
		};
/* End PBXProject section */

/* Begin PBXResourcesBuildPhase section */
		C24A990F28819D9200DF233A /* Resources */ = {
			isa = PBXResourcesBuildPhase;
			buildActionMask = 2147483647;
			files = (
				C24A992128819D9200DF233A /* LaunchScreen.storyboard in Resources */,
				C24A991E28819D9200DF233A /* Assets.xcassets in Resources */,
			);
			runOnlyForDeploymentPostprocessing = 0;
		};
/* End PBXResourcesBuildPhase section */

/* Begin PBXSourcesBuildPhase section */
		C24A990D28819D9200DF233A /* Sources */ = {
			isa = PBXSourcesBuildPhase;
			buildActionMask = 2147483647;
			files = (
				C2367DEB2881A8EF00A73FE2 /* SearchViewController.swift in Sources */,
				C2367E092881AA6B00A73FE2 /* AudioTrack.swift in Sources */,
				C2367DFF2881A9F600A73FE2 /* AuthManager.swift in Sources */,
				C2367DF32881A94600A73FE2 /* WelcomeViewController.swift in Sources */,
				C2367DF72881A95B00A73FE2 /* ProfileViewController.swift in Sources */,
				C2367DE92881A8C300A73FE2 /* TabBarViewController.swift in Sources */,
				C24A991928819D9200DF233A /* HomeViewController.swift in Sources */,
				C2367E032881AA2300A73FE2 /* HapticsManager.swift in Sources */,
				C2367DF12881A93800A73FE2 /* AuthViewController.swift in Sources */,
				C24A991528819D9200DF233A /* AppDelegate.swift in Sources */,
				C2367E052881AA5A00A73FE2 /* Playist.swift in Sources */,
				C2367DED2881A90300A73FE2 /* LibraryViewController.swift in Sources */,
				C2367E0B2881AA7500A73FE2 /* UserProfile.swift in Sources */,
				C2367DFB2881A97E00A73FE2 /* PlaylistViewController.swift in Sources */,
				C2367E072881AA5F00A73FE2 /* Artist.swift in Sources */,
				C24A991728819D9200DF233A /* SceneDelegate.swift in Sources */,
				C2367DF92881A96C00A73FE2 /* PlayerViewController.swift in Sources */,
				C2367DFD2881A99500A73FE2 /* SearchResultViewController.swift in Sources */,
				C2367E012881AA0200A73FE2 /* APICaller.swift in Sources */,
				C2367DF52881A95000A73FE2 /* SettingsViewController.swift in Sources */,
			);
			runOnlyForDeploymentPostprocessing = 0;
		};
/* End PBXSourcesBuildPhase section */

/* Begin PBXVariantGroup section */
		C24A991F28819D9200DF233A /* LaunchScreen.storyboard */ = {
			isa = PBXVariantGroup;
			children = (
				C24A992028819D9200DF233A /* Base */,
			);
			name = LaunchScreen.storyboard;
			sourceTree = "<group>";
		};
/* End PBXVariantGroup section */

/* Begin XCBuildConfiguration section */
		C24A992328819D9200DF233A /* Debug */ = {
			isa = XCBuildConfiguration;
			buildSettings = {
				ALWAYS_SEARCH_USER_PATHS = NO;
				CLANG_ANALYZER_NONNULL = YES;
				CLANG_ANALYZER_NUMBER_OBJECT_CONVERSION = YES_AGGRESSIVE;
				CLANG_CXX_LANGUAGE_STANDARD = "gnu++17";
				CLANG_CXX_LIBRARY = "libc++";
				CLANG_ENABLE_MODULES = YES;
				CLANG_ENABLE_OBJC_ARC = YES;
				CLANG_ENABLE_OBJC_WEAK = YES;
				CLANG_WARN_BLOCK_CAPTURE_AUTORELEASING = YES;
				CLANG_WARN_BOOL_CONVERSION = YES;
				CLANG_WARN_COMMA = YES;
				CLANG_WARN_CONSTANT_CONVERSION = YES;
				CLANG_WARN_DEPRECATED_OBJC_IMPLEMENTATIONS = YES;
				CLANG_WARN_DIRECT_OBJC_ISA_USAGE = YES_ERROR;
				CLANG_WARN_DOCUMENTATION_COMMENTS = YES;
				CLANG_WARN_EMPTY_BODY = YES;
				CLANG_WARN_ENUM_CONVERSION = YES;
				CLANG_WARN_INFINITE_RECURSION = YES;
				CLANG_WARN_INT_CONVERSION = YES;
				CLANG_WARN_NON_LITERAL_NULL_CONVERSION = YES;
				CLANG_WARN_OBJC_IMPLICIT_RETAIN_SELF = YES;
				CLANG_WARN_OBJC_LITERAL_CONVERSION = YES;
				CLANG_WARN_OBJC_ROOT_CLASS = YES_ERROR;
				CLANG_WARN_QUOTED_INCLUDE_IN_FRAMEWORK_HEADER = YES;
				CLANG_WARN_RANGE_LOOP_ANALYSIS = YES;
				CLANG_WARN_STRICT_PROTOTYPES = YES;
				CLANG_WARN_SUSPICIOUS_MOVE = YES;
				CLANG_WARN_UNGUARDED_AVAILABILITY = YES_AGGRESSIVE;
				CLANG_WARN_UNREACHABLE_CODE = YES;
				CLANG_WARN__DUPLICATE_METHOD_MATCH = YES;
				COPY_PHASE_STRIP = NO;
				DEBUG_INFORMATION_FORMAT = dwarf;
				ENABLE_STRICT_OBJC_MSGSEND = YES;
				ENABLE_TESTABILITY = YES;
				GCC_C_LANGUAGE_STANDARD = gnu11;
				GCC_DYNAMIC_NO_PIC = NO;
				GCC_NO_COMMON_BLOCKS = YES;
				GCC_OPTIMIZATION_LEVEL = 0;
				GCC_PREPROCESSOR_DEFINITIONS = (
					"DEBUG=1",
					"$(inherited)",
				);
				GCC_WARN_64_TO_32_BIT_CONVERSION = YES;
				GCC_WARN_ABOUT_RETURN_TYPE = YES_ERROR;
				GCC_WARN_UNDECLARED_SELECTOR = YES;
				GCC_WARN_UNINITIALIZED_AUTOS = YES_AGGRESSIVE;
				GCC_WARN_UNUSED_FUNCTION = YES;
				GCC_WARN_UNUSED_VARIABLE = YES;
				IPHONEOS_DEPLOYMENT_TARGET = 15.0;
				MTL_ENABLE_DEBUG_INFO = INCLUDE_SOURCE;
				MTL_FAST_MATH = YES;
				ONLY_ACTIVE_ARCH = YES;
				SDKROOT = iphoneos;
				SWIFT_ACTIVE_COMPILATION_CONDITIONS = DEBUG;
				SWIFT_OPTIMIZATION_LEVEL = "-Onone";
			};
			name = Debug;
		};
		C24A992428819D9200DF233A /* Release */ = {
			isa = XCBuildConfiguration;
			buildSettings = {
				ALWAYS_SEARCH_USER_PATHS = NO;
				CLANG_ANALYZER_NONNULL = YES;
				CLANG_ANALYZER_NUMBER_OBJECT_CONVERSION = YES_AGGRESSIVE;
				CLANG_CXX_LANGUAGE_STANDARD = "gnu++17";
				CLANG_CXX_LIBRARY = "libc++";
				CLANG_ENABLE_MODULES = YES;
				CLANG_ENABLE_OBJC_ARC = YES;
				CLANG_ENABLE_OBJC_WEAK = YES;
				CLANG_WARN_BLOCK_CAPTURE_AUTORELEASING = YES;
				CLANG_WARN_BOOL_CONVERSION = YES;
				CLANG_WARN_COMMA = YES;
				CLANG_WARN_CONSTANT_CONVERSION = YES;
				CLANG_WARN_DEPRECATED_OBJC_IMPLEMENTATIONS = YES;
				CLANG_WARN_DIRECT_OBJC_ISA_USAGE = YES_ERROR;
				CLANG_WARN_DOCUMENTATION_COMMENTS = YES;
				CLANG_WARN_EMPTY_BODY = YES;
				CLANG_WARN_ENUM_CONVERSION = YES;
				CLANG_WARN_INFINITE_RECURSION = YES;
				CLANG_WARN_INT_CONVERSION = YES;
				CLANG_WARN_NON_LITERAL_NULL_CONVERSION = YES;
				CLANG_WARN_OBJC_IMPLICIT_RETAIN_SELF = YES;
				CLANG_WARN_OBJC_LITERAL_CONVERSION = YES;
				CLANG_WARN_OBJC_ROOT_CLASS = YES_ERROR;
				CLANG_WARN_QUOTED_INCLUDE_IN_FRAMEWORK_HEADER = YES;
				CLANG_WARN_RANGE_LOOP_ANALYSIS = YES;
				CLANG_WARN_STRICT_PROTOTYPES = YES;
				CLANG_WARN_SUSPICIOUS_MOVE = YES;
				CLANG_WARN_UNGUARDED_AVAILABILITY = YES_AGGRESSIVE;
				CLANG_WARN_UNREACHABLE_CODE = YES;
				CLANG_WARN__DUPLICATE_METHOD_MATCH = YES;
				COPY_PHASE_STRIP = NO;
				DEBUG_INFORMATION_FORMAT = "dwarf-with-dsym";
				ENABLE_NS_ASSERTIONS = NO;
				ENABLE_STRICT_OBJC_MSGSEND = YES;
				GCC_C_LANGUAGE_STANDARD = gnu11;
				GCC_NO_COMMON_BLOCKS = YES;
				GCC_WARN_64_TO_32_BIT_CONVERSION = YES;
				GCC_WARN_ABOUT_RETURN_TYPE = YES_ERROR;
				GCC_WARN_UNDECLARED_SELECTOR = YES;
				GCC_WARN_UNINITIALIZED_AUTOS = YES_AGGRESSIVE;
				GCC_WARN_UNUSED_FUNCTION = YES;
				GCC_WARN_UNUSED_VARIABLE = YES;
				IPHONEOS_DEPLOYMENT_TARGET = 15.0;
				MTL_ENABLE_DEBUG_INFO = NO;
				MTL_FAST_MATH = YES;
				SDKROOT = iphoneos;
				SWIFT_COMPILATION_MODE = wholemodule;
				SWIFT_OPTIMIZATION_LEVEL = "-O";
				VALIDATE_PRODUCT = YES;
			};
			name = Release;
		};
		C24A992628819D9200DF233A /* Debug */ = {
			isa = XCBuildConfiguration;
			buildSettings = {
				ASSETCATALOG_COMPILER_APPICON_NAME = AppIcon;
				ASSETCATALOG_COMPILER_GLOBAL_ACCENT_COLOR_NAME = AccentColor;
				CODE_SIGN_STYLE = Automatic;
				CURRENT_PROJECT_VERSION = 1;
				GENERATE_INFOPLIST_FILE = YES;
				INFOPLIST_FILE = Spotify/Info.plist;
				INFOPLIST_KEY_UIApplicationSupportsIndirectInputEvents = YES;
				INFOPLIST_KEY_UILaunchStoryboardName = LaunchScreen;
				INFOPLIST_KEY_UISupportedInterfaceOrientations_iPad = "UIInterfaceOrientationPortrait UIInterfaceOrientationPortraitUpsideDown UIInterfaceOrientationLandscapeLeft UIInterfaceOrientationLandscapeRight";
				INFOPLIST_KEY_UISupportedInterfaceOrientations_iPhone = "UIInterfaceOrientationPortrait UIInterfaceOrientationLandscapeLeft UIInterfaceOrientationLandscapeRight";
				LD_RUNPATH_SEARCH_PATHS = (
					"$(inherited)",
					"@executable_path/Frameworks",
				);
				MARKETING_VERSION = 1.0;
				PRODUCT_BUNDLE_IDENTIFIER = com.isalfo.Spotify;
				PRODUCT_NAME = "$(TARGET_NAME)";
				SWIFT_EMIT_LOC_STRINGS = YES;
				SWIFT_VERSION = 5.0;
				TARGETED_DEVICE_FAMILY = "1,2";
			};
			name = Debug;
		};
		C24A992728819D9200DF233A /* Release */ = {
			isa = XCBuildConfiguration;
			buildSettings = {
				ASSETCATALOG_COMPILER_APPICON_NAME = AppIcon;
				ASSETCATALOG_COMPILER_GLOBAL_ACCENT_COLOR_NAME = AccentColor;
				CODE_SIGN_STYLE = Automatic;
				CURRENT_PROJECT_VERSION = 1;
				GENERATE_INFOPLIST_FILE = YES;
				INFOPLIST_FILE = Spotify/Info.plist;
				INFOPLIST_KEY_UIApplicationSupportsIndirectInputEvents = YES;
				INFOPLIST_KEY_UILaunchStoryboardName = LaunchScreen;
				INFOPLIST_KEY_UISupportedInterfaceOrientations_iPad = "UIInterfaceOrientationPortrait UIInterfaceOrientationPortraitUpsideDown UIInterfaceOrientationLandscapeLeft UIInterfaceOrientationLandscapeRight";
				INFOPLIST_KEY_UISupportedInterfaceOrientations_iPhone = "UIInterfaceOrientationPortrait UIInterfaceOrientationLandscapeLeft UIInterfaceOrientationLandscapeRight";
				LD_RUNPATH_SEARCH_PATHS = (
					"$(inherited)",
					"@executable_path/Frameworks",
				);
				MARKETING_VERSION = 1.0;
				PRODUCT_BUNDLE_IDENTIFIER = com.isalfo.Spotify;
				PRODUCT_NAME = "$(TARGET_NAME)";
				SWIFT_EMIT_LOC_STRINGS = YES;
				SWIFT_VERSION = 5.0;
				TARGETED_DEVICE_FAMILY = "1,2";
			};
			name = Release;
		};
/* End XCBuildConfiguration section */

/* Begin XCConfigurationList section */
		C24A990C28819D9200DF233A /* Build configuration list for PBXProject "Spotify" */ = {
			isa = XCConfigurationList;
			buildConfigurations = (
				C24A992328819D9200DF233A /* Debug */,
				C24A992428819D9200DF233A /* Release */,
			);
			defaultConfigurationIsVisible = 0;
			defaultConfigurationName = Release;
		};
		C24A992528819D9200DF233A /* Build configuration list for PBXNativeTarget "Spotify" */ = {
			isa = XCConfigurationList;
			buildConfigurations = (
				C24A992628819D9200DF233A /* Debug */,
				C24A992728819D9200DF233A /* Release */,
			);
			defaultConfigurationIsVisible = 0;
			defaultConfigurationName = Release;
		};
/* End XCConfigurationList section */
	};
	rootObject = C24A990928819D9200DF233A /* Project object */;
}
